
Microsoft Visual Studio Solution File, Format Version 12.00
Project("{FAE04EC0-301F-11D3-BF4B-00C04F79EFBC}") = "lux", "lux.csproj", "{164E3B09-47AB-46D4-A2AA-8F5B4FA6EBD6}"
EndProject
Global
	GlobalSection(SolutionConfigurationPlatforms) = preSolution
		Debug|Any CPU = Debug|Any CPU
		Release|Any CPU = Release|Any CPU
	EndGlobalSection
	GlobalSection(ProjectConfigurationPlatforms) = postSolution
		{164E3B09-47AB-46D4-A2AA-8F5B4FA6EBD6}.Debug|Any CPU.ActiveCfg = Debug|Any CPU
		{164E3B09-47AB-46D4-A2AA-8F5B4FA6EBD6}.Debug|Any CPU.Build.0 = Debug|Any CPU
		{164E3B09-47AB-46D4-A2AA-8F5B4FA6EBD6}.Release|Any CPU.ActiveCfg = Release|Any CPU
		{164E3B09-47AB-46D4-A2AA-8F5B4FA6EBD6}.Release|Any CPU.Build.0 = Release|Any CPU
	EndGlobalSection
EndGlobal
